
Microsoft Visual Studio Solution File, Format Version 12.00
# Visual Studio 15
VisualStudioVersion = 15.0.28307.168
MinimumVisualStudioVersion = 10.0.40219.1
Project("{2150E333-8FDC-42A3-9474-1A3956D46DE8}") = "Services", "Services", "{B080A25C-4EC5-4D18-B0BF-B9221CDF5C79}"
EndProject
Project("{2150E333-8FDC-42A3-9474-1A3956D46DE8}") = "Apps", "Apps", "{9B6D011D-7EB4-414C-80D7-787538619556}"
EndProject
Project("{2150E333-8FDC-42A3-9474-1A3956D46DE8}") = "Input", "Input", "{919E8D60-AFBB-4958-B380-29E6D281272D}"
EndProject
Project("{9A19103F-16F7-4668-BE54-9A1E7A4F7556}") = "BinaryDiff.ApiGateway", "Apps\BinaryDiff.ApiGateway\BinaryDiff.ApiGateway.csproj", "{83D6F276-6532-4DEC-A546-F21822B25FC5}"
EndProject
Project("{2150E333-8FDC-42A3-9474-1A3956D46DE8}") = "Docker", "Docker", "{60880457-A1F5-48FC-956B-3AB7D69C6AB0}"
	ProjectSection(SolutionItems) = preProject
		.dockerignore = .dockerignore
		docker-compose-infrastructure.yml = docker-compose-infrastructure.yml
		docker-compose.yml = docker-compose.yml
		wait-for-it.sh = wait-for-it.sh
	EndProjectSection
EndProject
Project("{9A19103F-16F7-4668-BE54-9A1E7A4F7556}") = "BinaryDiff.Input.Infrastructure", "Services\BinaryDiff.Input\BinaryDiff.Input.Infrastructure\BinaryDiff.Input.Infrastructure.csproj", "{2524F62D-A4A0-4CD9-A7E9-AB8AFFE91AE7}"
EndProject
Project("{2150E333-8FDC-42A3-9474-1A3956D46DE8}") = "Worker", "Worker", "{59D45D97-CD5F-4360-97D8-9CE2F76FFD31}"
EndProject
Project("{2150E333-8FDC-42A3-9474-1A3956D46DE8}") = "Result", "Result", "{4234BA37-6265-4C95-8867-66B89A46A60E}"
EndProject
Project("{9A19103F-16F7-4668-BE54-9A1E7A4F7556}") = "BinaryDiff.Result.Domain", "Services\BinaryDiff.Result\BinaryDiff.Result.Domain\BinaryDiff.Result.Domain.csproj", "{41A64F2D-7786-460A-A711-1A1F819B0441}"
EndProject
Project("{9A19103F-16F7-4668-BE54-9A1E7A4F7556}") = "BinaryDiff.Result.Infrastructure", "Services\BinaryDiff.Result\BinaryDiff.Result.Infrastructure\BinaryDiff.Result.Infrastructure.csproj", "{5C41D911-DD20-4113-8AE9-3F4A016B8047}"
EndProject
Project("{9A19103F-16F7-4668-BE54-9A1E7A4F7556}") = "BinaryDiff.Result.WebApi", "Services\BinaryDiff.Result\BinaryDiff.Result.WebApi\BinaryDiff.Result.WebApi.csproj", "{6F3BF865-2B6E-4A37-AFDF-53A6AC9A21F0}"
EndProject
Project("{9A19103F-16F7-4668-BE54-9A1E7A4F7556}") = "BinaryDiff.Worker.App", "Services\BinaryDiff.Worker\BinaryDiff.Worker.App\BinaryDiff.Worker.App.csproj", "{D0B760B8-DD2D-426A-A2FB-3577F70C42C9}"
EndProject
Project("{9A19103F-16F7-4668-BE54-9A1E7A4F7556}") = "BinaryDiff.Worker.Domain", "Services\BinaryDiff.Worker\BinaryDiff.Worker.Domain\BinaryDiff.Worker.Domain.csproj", "{AC3E6027-4A5E-44DB-8A7D-31EC8092D7FA}"
EndProject
Project("{9A19103F-16F7-4668-BE54-9A1E7A4F7556}") = "BinaryDiff.Worker.Infrastructure", "Services\BinaryDiff.Worker\BinaryDiff.Worker.Infrastructure\BinaryDiff.Worker.Infrastructure.csproj", "{68DC7E20-7ECC-4F16-9E13-1E9D40EF89AE}"
EndProject
Project("{2150E333-8FDC-42A3-9474-1A3956D46DE8}") = "Shared", "Shared", "{860703B1-6EE0-4612-B0FA-A11097C4266F}"
EndProject
Project("{9A19103F-16F7-4668-BE54-9A1E7A4F7556}") = "BinaryDiff.Shared.Infrastructure", "Services\BinaryDiff.Shared\BinaryDiff.Shared.Infrastructure\BinaryDiff.Shared.Infrastructure.csproj", "{92D7DC8F-3B9E-4C95-AB52-3841A9C4E37A}"
EndProject
Project("{9A19103F-16F7-4668-BE54-9A1E7A4F7556}") = "BinaryDiff.Shared.WebApi", "Services\BinaryDiff.Shared\BinaryDiff.Shared.WebApi\BinaryDiff.Shared.WebApi.csproj", "{A7A22F47-5430-4261-AAFB-DD56E596817E}"
EndProject
Project("{9A19103F-16F7-4668-BE54-9A1E7A4F7556}") = "BinaryDiff.Input.Domain", "Services\BinaryDiff.Input\BinaryDiff.Input.Domain\BinaryDiff.Input.Domain.csproj", "{BE862205-A927-4A3C-A609-3FF9537B78EE}"
EndProject
Project("{9A19103F-16F7-4668-BE54-9A1E7A4F7556}") = "BinaryDiff.Input.WebApi", "Services\BinaryDiff.Input\BinaryDiff.Input.WebApi\BinaryDiff.Input.WebApi.csproj", "{5173D8E4-6CDC-4B57-B253-4586FFADAD57}"
EndProject
Project("{9A19103F-16F7-4668-BE54-9A1E7A4F7556}") = "BinaryDiff.Shared.Domain", "Services\BinaryDiff.Shared\BinaryDiff.Shared.Domain\BinaryDiff.Shared.Domain.csproj", "{7E47F309-BE85-4FC6-AF31-53F4E2DC8122}"
EndProject
Project("{2150E333-8FDC-42A3-9474-1A3956D46DE8}") = "Tests", "Tests", "{A3D021FA-10E7-4FF9-BC24-DD701F225828}"
EndProject
Project("{2150E333-8FDC-42A3-9474-1A3956D46DE8}") = "Tests", "Tests", "{7563C54F-B2FB-4F54-B9D6-354618466598}"
EndProject
Project("{2150E333-8FDC-42A3-9474-1A3956D46DE8}") = "Tests", "Tests", "{773CC4E8-6805-43AF-880B-1FD35577D25E}"
EndProject
Project("{9A19103F-16F7-4668-BE54-9A1E7A4F7556}") = "BinaryDiff.Input.UnitTests", "Services\BinaryDiff.Input\BinaryDiff.Input.UnitTests\BinaryDiff.Input.UnitTests.csproj", "{67444ADF-635B-4E91-829B-6031DB131672}"
EndProject
Project("{9A19103F-16F7-4668-BE54-9A1E7A4F7556}") = "BinaryDiff.Result.UnitTests", "Services\BinaryDiff.Result\BinaryDiff.Result.UnitTests\BinaryDiff.Result.UnitTests.csproj", "{D59A719D-A132-42B9-AC71-B32AF319ACCD}"
EndProject
Project("{9A19103F-16F7-4668-BE54-9A1E7A4F7556}") = "BinaryDiff.Worker.UnitTests", "Services\BinaryDiff.Worker\BinaryDiff.Worker.UnitTests\BinaryDiff.Worker.UnitTests.csproj", "{498E1F90-1346-40D4-8F2A-468486F3F2A5}"
EndProject
Project("{2150E333-8FDC-42A3-9474-1A3956D46DE8}") = "Tests", "Tests", "{A0E84A5B-0FC8-4FCC-A802-8B4C3BEC225A}"
EndProject
Project("{FAE04EC0-301F-11D3-BF4B-00C04F79EFBC}") = "BinaryDiff.Shared.UnitTests", "Services\BinaryDiff.Shared\BinaryDiff.Shared.UnitTests\BinaryDiff.Shared.UnitTests.csproj", "{F2FE491C-0994-4975-ACFC-3F8D4FAD20EF}"
EndProject
Project("{2150E333-8FDC-42A3-9474-1A3956D46DE8}") = "Tests", "Tests", "{A31F937D-C4D8-4F5D-B4B1-C567A893541A}"
EndProject
Project("{9A19103F-16F7-4668-BE54-9A1E7A4F7556}") = "BinaryDiff.IntegrationTests", "Tests\BinaryDiff.IntegrationTests\BinaryDiff.IntegrationTests.csproj", "{2012AD6C-3FF1-41B1-BCE9-955D2F30B19B}"
EndProject
Global
	GlobalSection(SolutionConfigurationPlatforms) = preSolution
		Debug|Any CPU = Debug|Any CPU
		Release|Any CPU = Release|Any CPU
	EndGlobalSection
	GlobalSection(ProjectConfigurationPlatforms) = postSolution
		{83D6F276-6532-4DEC-A546-F21822B25FC5}.Debug|Any CPU.ActiveCfg = Debug|Any CPU
		{83D6F276-6532-4DEC-A546-F21822B25FC5}.Debug|Any CPU.Build.0 = Debug|Any CPU
		{83D6F276-6532-4DEC-A546-F21822B25FC5}.Release|Any CPU.ActiveCfg = Release|Any CPU
		{83D6F276-6532-4DEC-A546-F21822B25FC5}.Release|Any CPU.Build.0 = Release|Any CPU
		{2524F62D-A4A0-4CD9-A7E9-AB8AFFE91AE7}.Debug|Any CPU.ActiveCfg = Debug|Any CPU
		{2524F62D-A4A0-4CD9-A7E9-AB8AFFE91AE7}.Debug|Any CPU.Build.0 = Debug|Any CPU
		{2524F62D-A4A0-4CD9-A7E9-AB8AFFE91AE7}.Release|Any CPU.ActiveCfg = Release|Any CPU
		{2524F62D-A4A0-4CD9-A7E9-AB8AFFE91AE7}.Release|Any CPU.Build.0 = Release|Any CPU
		{41A64F2D-7786-460A-A711-1A1F819B0441}.Debug|Any CPU.ActiveCfg = Debug|Any CPU
		{41A64F2D-7786-460A-A711-1A1F819B0441}.Debug|Any CPU.Build.0 = Debug|Any CPU
		{41A64F2D-7786-460A-A711-1A1F819B0441}.Release|Any CPU.ActiveCfg = Release|Any CPU
		{41A64F2D-7786-460A-A711-1A1F819B0441}.Release|Any CPU.Build.0 = Release|Any CPU
		{5C41D911-DD20-4113-8AE9-3F4A016B8047}.Debug|Any CPU.ActiveCfg = Debug|Any CPU
		{5C41D911-DD20-4113-8AE9-3F4A016B8047}.Debug|Any CPU.Build.0 = Debug|Any CPU
		{5C41D911-DD20-4113-8AE9-3F4A016B8047}.Release|Any CPU.ActiveCfg = Release|Any CPU
		{5C41D911-DD20-4113-8AE9-3F4A016B8047}.Release|Any CPU.Build.0 = Release|Any CPU
		{6F3BF865-2B6E-4A37-AFDF-53A6AC9A21F0}.Debug|Any CPU.ActiveCfg = Debug|Any CPU
		{6F3BF865-2B6E-4A37-AFDF-53A6AC9A21F0}.Debug|Any CPU.Build.0 = Debug|Any CPU
		{6F3BF865-2B6E-4A37-AFDF-53A6AC9A21F0}.Release|Any CPU.ActiveCfg = Release|Any CPU
		{6F3BF865-2B6E-4A37-AFDF-53A6AC9A21F0}.Release|Any CPU.Build.0 = Release|Any CPU
		{D0B760B8-DD2D-426A-A2FB-3577F70C42C9}.Debug|Any CPU.ActiveCfg = Debug|Any CPU
		{D0B760B8-DD2D-426A-A2FB-3577F70C42C9}.Debug|Any CPU.Build.0 = Debug|Any CPU
		{D0B760B8-DD2D-426A-A2FB-3577F70C42C9}.Release|Any CPU.ActiveCfg = Release|Any CPU
		{D0B760B8-DD2D-426A-A2FB-3577F70C42C9}.Release|Any CPU.Build.0 = Release|Any CPU
		{AC3E6027-4A5E-44DB-8A7D-31EC8092D7FA}.Debug|Any CPU.ActiveCfg = Debug|Any CPU
		{AC3E6027-4A5E-44DB-8A7D-31EC8092D7FA}.Debug|Any CPU.Build.0 = Debug|Any CPU
		{AC3E6027-4A5E-44DB-8A7D-31EC8092D7FA}.Release|Any CPU.ActiveCfg = Release|Any CPU
		{AC3E6027-4A5E-44DB-8A7D-31EC8092D7FA}.Release|Any CPU.Build.0 = Release|Any CPU
		{68DC7E20-7ECC-4F16-9E13-1E9D40EF89AE}.Debug|Any CPU.ActiveCfg = Debug|Any CPU
		{68DC7E20-7ECC-4F16-9E13-1E9D40EF89AE}.Debug|Any CPU.Build.0 = Debug|Any CPU
		{68DC7E20-7ECC-4F16-9E13-1E9D40EF89AE}.Release|Any CPU.ActiveCfg = Release|Any CPU
		{68DC7E20-7ECC-4F16-9E13-1E9D40EF89AE}.Release|Any CPU.Build.0 = Release|Any CPU
		{92D7DC8F-3B9E-4C95-AB52-3841A9C4E37A}.Debug|Any CPU.ActiveCfg = Debug|Any CPU
		{92D7DC8F-3B9E-4C95-AB52-3841A9C4E37A}.Debug|Any CPU.Build.0 = Debug|Any CPU
		{92D7DC8F-3B9E-4C95-AB52-3841A9C4E37A}.Release|Any CPU.ActiveCfg = Release|Any CPU
		{92D7DC8F-3B9E-4C95-AB52-3841A9C4E37A}.Release|Any CPU.Build.0 = Release|Any CPU
		{A7A22F47-5430-4261-AAFB-DD56E596817E}.Debug|Any CPU.ActiveCfg = Debug|Any CPU
		{A7A22F47-5430-4261-AAFB-DD56E596817E}.Debug|Any CPU.Build.0 = Debug|Any CPU
		{A7A22F47-5430-4261-AAFB-DD56E596817E}.Release|Any CPU.ActiveCfg = Release|Any CPU
		{A7A22F47-5430-4261-AAFB-DD56E596817E}.Release|Any CPU.Build.0 = Release|Any CPU
		{BE862205-A927-4A3C-A609-3FF9537B78EE}.Debug|Any CPU.ActiveCfg = Debug|Any CPU
		{BE862205-A927-4A3C-A609-3FF9537B78EE}.Debug|Any CPU.Build.0 = Debug|Any CPU
		{BE862205-A927-4A3C-A609-3FF9537B78EE}.Release|Any CPU.ActiveCfg = Release|Any CPU
		{BE862205-A927-4A3C-A609-3FF9537B78EE}.Release|Any CPU.Build.0 = Release|Any CPU
		{5173D8E4-6CDC-4B57-B253-4586FFADAD57}.Debug|Any CPU.ActiveCfg = Debug|Any CPU
		{5173D8E4-6CDC-4B57-B253-4586FFADAD57}.Debug|Any CPU.Build.0 = Debug|Any CPU
		{5173D8E4-6CDC-4B57-B253-4586FFADAD57}.Release|Any CPU.ActiveCfg = Release|Any CPU
		{5173D8E4-6CDC-4B57-B253-4586FFADAD57}.Release|Any CPU.Build.0 = Release|Any CPU
		{7E47F309-BE85-4FC6-AF31-53F4E2DC8122}.Debug|Any CPU.ActiveCfg = Debug|Any CPU
		{7E47F309-BE85-4FC6-AF31-53F4E2DC8122}.Debug|Any CPU.Build.0 = Debug|Any CPU
		{7E47F309-BE85-4FC6-AF31-53F4E2DC8122}.Release|Any CPU.ActiveCfg = Release|Any CPU
		{7E47F309-BE85-4FC6-AF31-53F4E2DC8122}.Release|Any CPU.Build.0 = Release|Any CPU
		{67444ADF-635B-4E91-829B-6031DB131672}.Debug|Any CPU.ActiveCfg = Debug|Any CPU
		{67444ADF-635B-4E91-829B-6031DB131672}.Debug|Any CPU.Build.0 = Debug|Any CPU
		{67444ADF-635B-4E91-829B-6031DB131672}.Release|Any CPU.ActiveCfg = Release|Any CPU
		{67444ADF-635B-4E91-829B-6031DB131672}.Release|Any CPU.Build.0 = Release|Any CPU
		{D59A719D-A132-42B9-AC71-B32AF319ACCD}.Debug|Any CPU.ActiveCfg = Debug|Any CPU
		{D59A719D-A132-42B9-AC71-B32AF319ACCD}.Debug|Any CPU.Build.0 = Debug|Any CPU
		{D59A719D-A132-42B9-AC71-B32AF319ACCD}.Release|Any CPU.ActiveCfg = Release|Any CPU
		{D59A719D-A132-42B9-AC71-B32AF319ACCD}.Release|Any CPU.Build.0 = Release|Any CPU
		{498E1F90-1346-40D4-8F2A-468486F3F2A5}.Debug|Any CPU.ActiveCfg = Debug|Any CPU
		{498E1F90-1346-40D4-8F2A-468486F3F2A5}.Debug|Any CPU.Build.0 = Debug|Any CPU
		{498E1F90-1346-40D4-8F2A-468486F3F2A5}.Release|Any CPU.ActiveCfg = Release|Any CPU
		{498E1F90-1346-40D4-8F2A-468486F3F2A5}.Release|Any CPU.Build.0 = Release|Any CPU
		{F2FE491C-0994-4975-ACFC-3F8D4FAD20EF}.Debug|Any CPU.ActiveCfg = Debug|Any CPU
		{F2FE491C-0994-4975-ACFC-3F8D4FAD20EF}.Debug|Any CPU.Build.0 = Debug|Any CPU
		{F2FE491C-0994-4975-ACFC-3F8D4FAD20EF}.Release|Any CPU.ActiveCfg = Release|Any CPU
		{F2FE491C-0994-4975-ACFC-3F8D4FAD20EF}.Release|Any CPU.Build.0 = Release|Any CPU
		{2012AD6C-3FF1-41B1-BCE9-955D2F30B19B}.Debug|Any CPU.ActiveCfg = Debug|Any CPU
		{2012AD6C-3FF1-41B1-BCE9-955D2F30B19B}.Debug|Any CPU.Build.0 = Debug|Any CPU
		{2012AD6C-3FF1-41B1-BCE9-955D2F30B19B}.Release|Any CPU.ActiveCfg = Release|Any CPU
		{2012AD6C-3FF1-41B1-BCE9-955D2F30B19B}.Release|Any CPU.Build.0 = Release|Any CPU
	EndGlobalSection
	GlobalSection(SolutionProperties) = preSolution
		HideSolutionNode = FALSE
	EndGlobalSection
	GlobalSection(NestedProjects) = preSolution
		{919E8D60-AFBB-4958-B380-29E6D281272D} = {B080A25C-4EC5-4D18-B0BF-B9221CDF5C79}
		{83D6F276-6532-4DEC-A546-F21822B25FC5} = {9B6D011D-7EB4-414C-80D7-787538619556}
		{2524F62D-A4A0-4CD9-A7E9-AB8AFFE91AE7} = {919E8D60-AFBB-4958-B380-29E6D281272D}
		{59D45D97-CD5F-4360-97D8-9CE2F76FFD31} = {B080A25C-4EC5-4D18-B0BF-B9221CDF5C79}
		{4234BA37-6265-4C95-8867-66B89A46A60E} = {B080A25C-4EC5-4D18-B0BF-B9221CDF5C79}
		{41A64F2D-7786-460A-A711-1A1F819B0441} = {4234BA37-6265-4C95-8867-66B89A46A60E}
		{5C41D911-DD20-4113-8AE9-3F4A016B8047} = {4234BA37-6265-4C95-8867-66B89A46A60E}
		{6F3BF865-2B6E-4A37-AFDF-53A6AC9A21F0} = {4234BA37-6265-4C95-8867-66B89A46A60E}
		{D0B760B8-DD2D-426A-A2FB-3577F70C42C9} = {59D45D97-CD5F-4360-97D8-9CE2F76FFD31}
		{AC3E6027-4A5E-44DB-8A7D-31EC8092D7FA} = {59D45D97-CD5F-4360-97D8-9CE2F76FFD31}
		{68DC7E20-7ECC-4F16-9E13-1E9D40EF89AE} = {59D45D97-CD5F-4360-97D8-9CE2F76FFD31}
		{860703B1-6EE0-4612-B0FA-A11097C4266F} = {B080A25C-4EC5-4D18-B0BF-B9221CDF5C79}
		{92D7DC8F-3B9E-4C95-AB52-3841A9C4E37A} = {860703B1-6EE0-4612-B0FA-A11097C4266F}
		{A7A22F47-5430-4261-AAFB-DD56E596817E} = {860703B1-6EE0-4612-B0FA-A11097C4266F}
		{BE862205-A927-4A3C-A609-3FF9537B78EE} = {919E8D60-AFBB-4958-B380-29E6D281272D}
		{5173D8E4-6CDC-4B57-B253-4586FFADAD57} = {919E8D60-AFBB-4958-B380-29E6D281272D}
		{7E47F309-BE85-4FC6-AF31-53F4E2DC8122} = {860703B1-6EE0-4612-B0FA-A11097C4266F}
		{A3D021FA-10E7-4FF9-BC24-DD701F225828} = {4234BA37-6265-4C95-8867-66B89A46A60E}
		{7563C54F-B2FB-4F54-B9D6-354618466598} = {919E8D60-AFBB-4958-B380-29E6D281272D}
		{773CC4E8-6805-43AF-880B-1FD35577D25E} = {59D45D97-CD5F-4360-97D8-9CE2F76FFD31}
		{67444ADF-635B-4E91-829B-6031DB131672} = {7563C54F-B2FB-4F54-B9D6-354618466598}
		{D59A719D-A132-42B9-AC71-B32AF319ACCD} = {A3D021FA-10E7-4FF9-BC24-DD701F225828}
		{498E1F90-1346-40D4-8F2A-468486F3F2A5} = {773CC4E8-6805-43AF-880B-1FD35577D25E}
		{A0E84A5B-0FC8-4FCC-A802-8B4C3BEC225A} = {860703B1-6EE0-4612-B0FA-A11097C4266F}
		{F2FE491C-0994-4975-ACFC-3F8D4FAD20EF} = {A0E84A5B-0FC8-4FCC-A802-8B4C3BEC225A}
		{2012AD6C-3FF1-41B1-BCE9-955D2F30B19B} = {A31F937D-C4D8-4F5D-B4B1-C567A893541A}
	EndGlobalSection
	GlobalSection(ExtensibilityGlobals) = postSolution
		SolutionGuid = {037C5D6A-591E-4375-A877-7F3DA674C8E2}
	EndGlobalSection
EndGlobal
