
Microsoft Visual Studio Solution File, Format Version 12.00
# Visual Studio 15
VisualStudioVersion = 15.0.28307.168
MinimumVisualStudioVersion = 10.0.40219.1
Project("{FAE04EC0-301F-11D3-BF4B-00C04F79EFBC}") = "BinaryDiff.Input.WebApi", "BinaryDiff.Input.WebApi\BinaryDiff.Input.WebApi.csproj", "{0DAE943E-E6C1-489C-9928-B415F29B5F10}"
EndProject
Project("{FAE04EC0-301F-11D3-BF4B-00C04F79EFBC}") = "BinaryDiff.Input.Domain", "BinaryDiff.Input.Domain\BinaryDiff.Input.Domain.csproj", "{0A5008D4-B5F5-42C7-8822-6E16A390C15F}"
EndProject
Project("{FAE04EC0-301F-11D3-BF4B-00C04F79EFBC}") = "BinaryDiff.Input.Infrastructure", "BinaryDiff.Input.Infrastructure\BinaryDiff.Input.Infrastructure.csproj", "{78A70249-9FFE-44BD-8AFD-4785D2E72C7C}"
EndProject
Global
	GlobalSection(SolutionConfigurationPlatforms) = preSolution
		Debug|Any CPU = Debug|Any CPU
		Release|Any CPU = Release|Any CPU
	EndGlobalSection
	GlobalSection(ProjectConfigurationPlatforms) = postSolution
		{0DAE943E-E6C1-489C-9928-B415F29B5F10}.Debug|Any CPU.ActiveCfg = Debug|Any CPU
		{0DAE943E-E6C1-489C-9928-B415F29B5F10}.Debug|Any CPU.Build.0 = Debug|Any CPU
		{0DAE943E-E6C1-489C-9928-B415F29B5F10}.Release|Any CPU.ActiveCfg = Release|Any CPU
		{0DAE943E-E6C1-489C-9928-B415F29B5F10}.Release|Any CPU.Build.0 = Release|Any CPU
		{0A5008D4-B5F5-42C7-8822-6E16A390C15F}.Debug|Any CPU.ActiveCfg = Debug|Any CPU
		{0A5008D4-B5F5-42C7-8822-6E16A390C15F}.Debug|Any CPU.Build.0 = Debug|Any CPU
		{0A5008D4-B5F5-42C7-8822-6E16A390C15F}.Release|Any CPU.ActiveCfg = Release|Any CPU
		{0A5008D4-B5F5-42C7-8822-6E16A390C15F}.Release|Any CPU.Build.0 = Release|Any CPU
		{78A70249-9FFE-44BD-8AFD-4785D2E72C7C}.Debug|Any CPU.ActiveCfg = Debug|Any CPU
		{78A70249-9FFE-44BD-8AFD-4785D2E72C7C}.Debug|Any CPU.Build.0 = Debug|Any CPU
		{78A70249-9FFE-44BD-8AFD-4785D2E72C7C}.Release|Any CPU.ActiveCfg = Release|Any CPU
		{78A70249-9FFE-44BD-8AFD-4785D2E72C7C}.Release|Any CPU.Build.0 = Release|Any CPU
	EndGlobalSection
	GlobalSection(SolutionProperties) = preSolution
		HideSolutionNode = FALSE
	EndGlobalSection
	GlobalSection(ExtensibilityGlobals) = postSolution
		SolutionGuid = {776216FE-4900-4557-85C0-BB6FAEFDA312}
	EndGlobalSection
EndGlobal
