
Microsoft Visual Studio Solution File, Format Version 12.00
# Visual Studio 15
VisualStudioVersion = 15.0.28307.168
MinimumVisualStudioVersion = 10.0.40219.1
Project("{9A19103F-16F7-4668-BE54-9A1E7A4F7556}") = "BinaryDiff.ApiGateway", "BinaryDiff.ApiGateway.csproj", "{A2CFFE4D-2025-4785-AE2C-56D5539879E1}"
EndProject
Global
	GlobalSection(SolutionConfigurationPlatforms) = preSolution
		Debug|Any CPU = Debug|Any CPU
		Release|Any CPU = Release|Any CPU
	EndGlobalSection
	GlobalSection(ProjectConfigurationPlatforms) = postSolution
		{A2CFFE4D-2025-4785-AE2C-56D5539879E1}.Debug|Any CPU.ActiveCfg = Debug|Any CPU
		{A2CFFE4D-2025-4785-AE2C-56D5539879E1}.Debug|Any CPU.Build.0 = Debug|Any CPU
		{A2CFFE4D-2025-4785-AE2C-56D5539879E1}.Release|Any CPU.ActiveCfg = Release|Any CPU
		{A2CFFE4D-2025-4785-AE2C-56D5539879E1}.Release|Any CPU.Build.0 = Release|Any CPU
	EndGlobalSection
	GlobalSection(SolutionProperties) = preSolution
		HideSolutionNode = FALSE
	EndGlobalSection
	GlobalSection(ExtensibilityGlobals) = postSolution
		SolutionGuid = {562B08E9-9734-4B88-B97E-277713AADC71}
	EndGlobalSection
EndGlobal
